// !$*UTF8*$!
{
	archiveVersion = 1;
	classes = {
	};
	objectVersion = 46;
	objects = {

/* Begin PBXBuildFile section */
		950F4A111B27F6FA00F544D3 /* AppDelegate.swift in Sources */ = {isa = PBXBuildFile; fileRef = 950F4A101B27F6FA00F544D3 /* AppDelegate.swift */; };
		950F4A131B27F6FA00F544D3 /* ViewController.swift in Sources */ = {isa = PBXBuildFile; fileRef = 950F4A121B27F6FA00F544D3 /* ViewController.swift */; };
		950F4A161B27F6FA00F544D3 /* Main.storyboard in Resources */ = {isa = PBXBuildFile; fileRef = 950F4A141B27F6FA00F544D3 /* Main.storyboard */; };
		950F4A181B27F6FA00F544D3 /* Assets.xcassets in Resources */ = {isa = PBXBuildFile; fileRef = 950F4A171B27F6FA00F544D3 /* Assets.xcassets */; };
		950F4A1B1B27F6FA00F544D3 /* LaunchScreen.storyboard in Resources */ = {isa = PBXBuildFile; fileRef = 950F4A191B27F6FA00F544D3 /* LaunchScreen.storyboard */; };
		950F4A261B27F6FA00F544D3 /* UITestDemoTests.swift in Sources */ = {isa = PBXBuildFile; fileRef = 950F4A251B27F6FA00F544D3 /* UITestDemoTests.swift */; };
		950F4A311B27F6FA00F544D3 /* UITestDemoUITests.swift in Sources */ = {isa = PBXBuildFile; fileRef = 950F4A301B27F6FA00F544D3 /* UITestDemoUITests.swift */; };
/* End PBXBuildFile section */

/* Begin PBXContainerItemProxy section */
		950F4A221B27F6FA00F544D3 /* PBXContainerItemProxy */ = {
			isa = PBXContainerItemProxy;
			containerPortal = 950F4A051B27F6FA00F544D3 /* Project object */;
			proxyType = 1;
			remoteGlobalIDString = 950F4A0C1B27F6FA00F544D3;
			remoteInfo = UITestDemo;
		};
		950F4A2D1B27F6FA00F544D3 /* PBXContainerItemProxy */ = {
			isa = PBXContainerItemProxy;
			containerPortal = 950F4A051B27F6FA00F544D3 /* Project object */;
			proxyType = 1;
			remoteGlobalIDString = 950F4A0C1B27F6FA00F544D3;
			remoteInfo = UITestDemo;
		};
/* End PBXContainerItemProxy section */

/* Begin PBXFileReference section */
		950F4A0D1B27F6FA00F544D3 /* UITestDemo.app */ = {isa = PBXFileReference; explicitFileType = wrapper.application; includeInIndex = 0; path = UITestDemo.app; sourceTree = BUILT_PRODUCTS_DIR; };
		950F4A101B27F6FA00F544D3 /* AppDelegate.swift */ = {isa = PBXFileReference; lastKnownFileType = sourcecode.swift; path = AppDelegate.swift; sourceTree = "<group>"; };
		950F4A121B27F6FA00F544D3 /* ViewController.swift */ = {isa = PBXFileReference; lastKnownFileType = sourcecode.swift; path = ViewController.swift; sourceTree = "<group>"; };
		950F4A151B27F6FA00F544D3 /* Base */ = {isa = PBXFileReference; lastKnownFileType = file.storyboard; name = Base; path = Base.lproj/Main.storyboard; sourceTree = "<group>"; };
		950F4A171B27F6FA00F544D3 /* Assets.xcassets */ = {isa = PBXFileReference; lastKnownFileType = folder.assetcatalog; path = Assets.xcassets; sourceTree = "<group>"; };
		950F4A1A1B27F6FA00F544D3 /* Base */ = {isa = PBXFileReference; lastKnownFileType = file.storyboard; name = Base; path = Base.lproj/LaunchScreen.storyboard; sourceTree = "<group>"; };
		950F4A1C1B27F6FA00F544D3 /* Info.plist */ = {isa = PBXFileReference; lastKnownFileType = text.plist.xml; path = Info.plist; sourceTree = "<group>"; };
		950F4A211B27F6FA00F544D3 /* UITestDemoTests.xctest */ = {isa = PBXFileReference; explicitFileType = wrapper.cfbundle; includeInIndex = 0; path = UITestDemoTests.xctest; sourceTree = BUILT_PRODUCTS_DIR; };
		950F4A251B27F6FA00F544D3 /* UITestDemoTests.swift */ = {isa = PBXFileReference; lastKnownFileType = sourcecode.swift; path = UITestDemoTests.swift; sourceTree = "<group>"; };
		950F4A271B27F6FA00F544D3 /* Info.plist */ = {isa = PBXFileReference; lastKnownFileType = text.plist.xml; path = Info.plist; sourceTree = "<group>"; };
		950F4A2C1B27F6FA00F544D3 /* UITestDemoUITests.xctest */ = {isa = PBXFileReference; explicitFileType = wrapper.cfbundle; includeInIndex = 0; path = UITestDemoUITests.xctest; sourceTree = BUILT_PRODUCTS_DIR; };
		950F4A301B27F6FA00F544D3 /* UITestDemoUITests.swift */ = {isa = PBXFileReference; lastKnownFileType = sourcecode.swift; path = UITestDemoUITests.swift; sourceTree = "<group>"; };
		950F4A321B27F6FA00F544D3 /* Info.plist */ = {isa = PBXFileReference; lastKnownFileType = text.plist.xml; path = Info.plist; sourceTree = "<group>"; };
/* End PBXFileReference section */

/* Begin PBXFrameworksBuildPhase section */
		950F4A0A1B27F6FA00F544D3 /* Frameworks */ = {
			isa = PBXFrameworksBuildPhase;
			buildActionMask = 2147483647;
			files = (
			);
			runOnlyForDeploymentPostprocessing = 0;
		};
		950F4A1E1B27F6FA00F544D3 /* Frameworks */ = {
			isa = PBXFrameworksBuildPhase;
			buildActionMask = 2147483647;
			files = (
			);
			runOnlyForDeploymentPostprocessing = 0;
		};
		950F4A291B27F6FA00F544D3 /* Frameworks */ = {
			isa = PBXFrameworksBuildPhase;
			buildActionMask = 2147483647;
			files = (
			);
			runOnlyForDeploymentPostprocessing = 0;
		};
/* End PBXFrameworksBuildPhase section */

/* Begin PBXGroup section */
		950F4A041B27F6FA00F544D3 = {
			isa = PBXGroup;
			children = (
				950F4A0F1B27F6FA00F544D3 /* UITestDemo */,
				950F4A241B27F6FA00F544D3 /* UITestDemoTests */,
				950F4A2F1B27F6FA00F544D3 /* UITestDemoUITests */,
				950F4A0E1B27F6FA00F544D3 /* Products */,
			);
			sourceTree = "<group>";
		};
		950F4A0E1B27F6FA00F544D3 /* Products */ = {
			isa = PBXGroup;
			children = (
				950F4A0D1B27F6FA00F544D3 /* UITestDemo.app */,
				950F4A211B27F6FA00F544D3 /* UITestDemoTests.xctest */,
				950F4A2C1B27F6FA00F544D3 /* UITestDemoUITests.xctest */,
			);
			name = Products;
			sourceTree = "<group>";
		};
		950F4A0F1B27F6FA00F544D3 /* UITestDemo */ = {
			isa = PBXGroup;
			children = (
				950F4A101B27F6FA00F544D3 /* AppDelegate.swift */,
				950F4A121B27F6FA00F544D3 /* ViewController.swift */,
				950F4A141B27F6FA00F544D3 /* Main.storyboard */,
				950F4A171B27F6FA00F544D3 /* Assets.xcassets */,
				950F4A191B27F6FA00F544D3 /* LaunchScreen.storyboard */,
				950F4A1C1B27F6FA00F544D3 /* Info.plist */,
			);
			path = UITestDemo;
			sourceTree = "<group>";
		};
		950F4A241B27F6FA00F544D3 /* UITestDemoTests */ = {
			isa = PBXGroup;
			children = (
				950F4A251B27F6FA00F544D3 /* UITestDemoTests.swift */,
				950F4A271B27F6FA00F544D3 /* Info.plist */,
			);
			path = UITestDemoTests;
			sourceTree = "<group>";
		};
		950F4A2F1B27F6FA00F544D3 /* UITestDemoUITests */ = {
			isa = PBXGroup;
			children = (
				950F4A301B27F6FA00F544D3 /* UITestDemoUITests.swift */,
				950F4A321B27F6FA00F544D3 /* Info.plist */,
			);
			path = UITestDemoUITests;
			sourceTree = "<group>";
		};
/* End PBXGroup section */

/* Begin PBXNativeTarget section */
		950F4A0C1B27F6FA00F544D3 /* UITestDemo */ = {
			isa = PBXNativeTarget;
			buildConfigurationList = 950F4A351B27F6FA00F544D3 /* Build configuration list for PBXNativeTarget "UITestDemo" */;
			buildPhases = (
				950F4A091B27F6FA00F544D3 /* Sources */,
				950F4A0A1B27F6FA00F544D3 /* Frameworks */,
				950F4A0B1B27F6FA00F544D3 /* Resources */,
			);
			buildRules = (
			);
			dependencies = (
			);
			name = UITestDemo;
			productName = UITestDemo;
			productReference = 950F4A0D1B27F6FA00F544D3 /* UITestDemo.app */;
			productType = "com.apple.product-type.application";
		};
		950F4A201B27F6FA00F544D3 /* UITestDemoTests */ = {
			isa = PBXNativeTarget;
			buildConfigurationList = 950F4A381B27F6FA00F544D3 /* Build configuration list for PBXNativeTarget "UITestDemoTests" */;
			buildPhases = (
				950F4A1D1B27F6FA00F544D3 /* Sources */,
				950F4A1E1B27F6FA00F544D3 /* Frameworks */,
				950F4A1F1B27F6FA00F544D3 /* Resources */,
			);
			buildRules = (
			);
			dependencies = (
				950F4A231B27F6FA00F544D3 /* PBXTargetDependency */,
			);
			name = UITestDemoTests;
			productName = UITestDemoTests;
			productReference = 950F4A211B27F6FA00F544D3 /* UITestDemoTests.xctest */;
			productType = "com.apple.product-type.bundle.unit-test";
		};
		950F4A2B1B27F6FA00F544D3 /* UITestDemoUITests */ = {
			isa = PBXNativeTarget;
			buildConfigurationList = 950F4A3B1B27F6FA00F544D3 /* Build configuration list for PBXNativeTarget "UITestDemoUITests" */;
			buildPhases = (
				950F4A281B27F6FA00F544D3 /* Sources */,
				950F4A291B27F6FA00F544D3 /* Frameworks */,
				950F4A2A1B27F6FA00F544D3 /* Resources */,
			);
			buildRules = (
			);
			dependencies = (
				950F4A2E1B27F6FA00F544D3 /* PBXTargetDependency */,
			);
			name = UITestDemoUITests;
			productName = UITestDemoUITests;
			productReference = 950F4A2C1B27F6FA00F544D3 /* UITestDemoUITests.xctest */;
			productType = "com.apple.product-type.bundle.ui-testing";
		};
/* End PBXNativeTarget section */

/* Begin PBXProject section */
		950F4A051B27F6FA00F544D3 /* Project object */ = {
			isa = PBXProject;
			attributes = {
				LastUpgradeCheck = 0700;
				ORGANIZATIONNAME = "Hathway, Inc.";
				TargetAttributes = {
					950F4A0C1B27F6FA00F544D3 = {
						CreatedOnToolsVersion = 7.0;
					};
					950F4A201B27F6FA00F544D3 = {
						CreatedOnToolsVersion = 7.0;
						TestTargetID = 950F4A0C1B27F6FA00F544D3;
					};
					950F4A2B1B27F6FA00F544D3 = {
						CreatedOnToolsVersion = 7.0;
						TestTargetID = 950F4A0C1B27F6FA00F544D3;
					};
				};
			};
			buildConfigurationList = 950F4A081B27F6FA00F544D3 /* Build configuration list for PBXProject "UITestDemo" */;
			compatibilityVersion = "Xcode 3.2";
			developmentRegion = English;
			hasScannedForEncodings = 0;
			knownRegions = (
				en,
				Base,
			);
			mainGroup = 950F4A041B27F6FA00F544D3;
			productRefGroup = 950F4A0E1B27F6FA00F544D3 /* Products */;
			projectDirPath = "";
			projectRoot = "";
			targets = (
				950F4A0C1B27F6FA00F544D3 /* UITestDemo */,
				950F4A201B27F6FA00F544D3 /* UITestDemoTests */,
				950F4A2B1B27F6FA00F544D3 /* UITestDemoUITests */,
			);
		};
/* End PBXProject section */

/* Begin PBXResourcesBuildPhase section */
		950F4A0B1B27F6FA00F544D3 /* Resources */ = {
			isa = PBXResourcesBuildPhase;
			buildActionMask = 2147483647;
			files = (
				950F4A1B1B27F6FA00F544D3 /* LaunchScreen.storyboard in Resources */,
				950F4A181B27F6FA00F544D3 /* Assets.xcassets in Resources */,
				950F4A161B27F6FA00F544D3 /* Main.storyboard in Resources */,
			);
			runOnlyForDeploymentPostprocessing = 0;
		};
		950F4A1F1B27F6FA00F544D3 /* Resources */ = {
			isa = PBXResourcesBuildPhase;
			buildActionMask = 2147483647;
			files = (
			);
			runOnlyForDeploymentPostprocessing = 0;
		};
		950F4A2A1B27F6FA00F544D3 /* Resources */ = {
			isa = PBXResourcesBuildPhase;
			buildActionMask = 2147483647;
			files = (
			);
			runOnlyForDeploymentPostprocessing = 0;
		};
/* End PBXResourcesBuildPhase section */

/* Begin PBXSourcesBuildPhase section */
		950F4A091B27F6FA00F544D3 /* Sources */ = {
			isa = PBXSourcesBuildPhase;
			buildActionMask = 2147483647;
			files = (
				950F4A131B27F6FA00F544D3 /* ViewController.swift in Sources */,
				950F4A111B27F6FA00F544D3 /* AppDelegate.swift in Sources */,
			);
			runOnlyForDeploymentPostprocessing = 0;
		};
		950F4A1D1B27F6FA00F544D3 /* Sources */ = {
			isa = PBXSourcesBuildPhase;
			buildActionMask = 2147483647;
			files = (
				950F4A261B27F6FA00F544D3 /* UITestDemoTests.swift in Sources */,
			);
			runOnlyForDeploymentPostprocessing = 0;
		};
		950F4A281B27F6FA00F544D3 /* Sources */ = {
			isa = PBXSourcesBuildPhase;
			buildActionMask = 2147483647;
			files = (
				950F4A311B27F6FA00F544D3 /* UITestDemoUITests.swift in Sources */,
			);
			runOnlyForDeploymentPostprocessing = 0;
		};
/* End PBXSourcesBuildPhase section */

/* Begin PBXTargetDependency section */
		950F4A231B27F6FA00F544D3 /* PBXTargetDependency */ = {
			isa = PBXTargetDependency;
			target = 950F4A0C1B27F6FA00F544D3 /* UITestDemo */;
			targetProxy = 950F4A221B27F6FA00F544D3 /* PBXContainerItemProxy */;
		};
		950F4A2E1B27F6FA00F544D3 /* PBXTargetDependency */ = {
			isa = PBXTargetDependency;
			target = 950F4A0C1B27F6FA00F544D3 /* UITestDemo */;
			targetProxy = 950F4A2D1B27F6FA00F544D3 /* PBXContainerItemProxy */;
		};
/* End PBXTargetDependency section */

/* Begin PBXVariantGroup section */
		950F4A141B27F6FA00F544D3 /* Main.storyboard */ = {
			isa = PBXVariantGroup;
			children = (
				950F4A151B27F6FA00F544D3 /* Base */,
			);
			name = Main.storyboard;
			sourceTree = "<group>";
		};
		950F4A191B27F6FA00F544D3 /* LaunchScreen.storyboard */ = {
			isa = PBXVariantGroup;
			children = (
				950F4A1A1B27F6FA00F544D3 /* Base */,
			);
			name = LaunchScreen.storyboard;
			sourceTree = "<group>";
		};
/* End PBXVariantGroup section */

/* Begin XCBuildConfiguration section */
		950F4A331B27F6FA00F544D3 /* Debug */ = {
			isa = XCBuildConfiguration;
			buildSettings = {
				ALWAYS_SEARCH_USER_PATHS = NO;
				CLANG_CXX_LANGUAGE_STANDARD = "gnu++0x";
				CLANG_CXX_LIBRARY = "libc++";
				CLANG_ENABLE_MODULES = YES;
				CLANG_ENABLE_OBJC_ARC = YES;
				CLANG_WARN_BOOL_CONVERSION = YES;
				CLANG_WARN_CONSTANT_CONVERSION = YES;
				CLANG_WARN_DIRECT_OBJC_ISA_USAGE = YES_ERROR;
				CLANG_WARN_EMPTY_BODY = YES;
				CLANG_WARN_ENUM_CONVERSION = YES;
				CLANG_WARN_INT_CONVERSION = YES;
				CLANG_WARN_OBJC_ROOT_CLASS = YES_ERROR;
				CLANG_WARN_UNREACHABLE_CODE = YES;
				CLANG_WARN__DUPLICATE_METHOD_MATCH = YES;
				"CODE_SIGN_IDENTITY[sdk=iphoneos*]" = "iPhone Developer";
				COPY_PHASE_STRIP = NO;
				DEBUG_INFORMATION_FORMAT = dwarf;
				ENABLE_STRICT_OBJC_MSGSEND = YES;
				ENABLE_TESTABILITY = YES;
				GCC_C_LANGUAGE_STANDARD = gnu99;
				GCC_DYNAMIC_NO_PIC = NO;
				GCC_NO_COMMON_BLOCKS = YES;
				GCC_OPTIMIZATION_LEVEL = 0;
				GCC_PREPROCESSOR_DEFINITIONS = (
					"DEBUG=1",
					"$(inherited)",
				);
				GCC_WARN_64_TO_32_BIT_CONVERSION = YES;
				GCC_WARN_ABOUT_RETURN_TYPE = YES_ERROR;
				GCC_WARN_UNDECLARED_SELECTOR = YES;
				GCC_WARN_UNINITIALIZED_AUTOS = YES_AGGRESSIVE;
				GCC_WARN_UNUSED_FUNCTION = YES;
				GCC_WARN_UNUSED_VARIABLE = YES;
				IPHONEOS_DEPLOYMENT_TARGET = 9.0;
				MTL_ENABLE_DEBUG_INFO = YES;
				ONLY_ACTIVE_ARCH = YES;
				SDKROOT = iphoneos;
				SWIFT_OPTIMIZATION_LEVEL = "-Onone";
			};
			name = Debug;
		};
		950F4A341B27F6FA00F544D3 /* Release */ = {
			isa = XCBuildConfiguration;
			buildSettings = {
				ALWAYS_SEARCH_USER_PATHS = NO;
				CLANG_CXX_LANGUAGE_STANDARD = "gnu++0x";
				CLANG_CXX_LIBRARY = "libc++";
				CLANG_ENABLE_MODULES = YES;
				CLANG_ENABLE_OBJC_ARC = YES;
				CLANG_WARN_BOOL_CONVERSION = YES;
				CLANG_WARN_CONSTANT_CONVERSION = YES;
				CLANG_WARN_DIRECT_OBJC_ISA_USAGE = YES_ERROR;
				CLANG_WARN_EMPTY_BODY = YES;
				CLANG_WARN_ENUM_CONVERSION = YES;
				CLANG_WARN_INT_CONVERSION = YES;
				CLANG_WARN_OBJC_ROOT_CLASS = YES_ERROR;
				CLANG_WARN_UNREACHABLE_CODE = YES;
				CLANG_WARN__DUPLICATE_METHOD_MATCH = YES;
				"CODE_SIGN_IDENTITY[sdk=iphoneos*]" = "iPhone Developer";
				COPY_PHASE_STRIP = NO;
				DEBUG_INFORMATION_FORMAT = "dwarf-with-dsym";
				ENABLE_NS_ASSERTIONS = NO;
				ENABLE_STRICT_OBJC_MSGSEND = YES;
				GCC_C_LANGUAGE_STANDARD = gnu99;
				GCC_NO_COMMON_BLOCKS = YES;
				GCC_WARN_64_TO_32_BIT_CONVERSION = YES;
				GCC_WARN_ABOUT_RETURN_TYPE = YES_ERROR;
				GCC_WARN_UNDECLARED_SELECTOR = YES;
				GCC_WARN_UNINITIALIZED_AUTOS = YES_AGGRESSIVE;
				GCC_WARN_UNUSED_FUNCTION = YES;
				GCC_WARN_UNUSED_VARIABLE = YES;
				IPHONEOS_DEPLOYMENT_TARGET = 9.0;
				MTL_ENABLE_DEBUG_INFO = NO;
				SDKROOT = iphoneos;
				VALIDATE_PRODUCT = YES;
			};
			name = Release;
		};
		950F4A361B27F6FA00F544D3 /* Debug */ = {
			isa = XCBuildConfiguration;
			buildSettings = {
				ASSETCATALOG_COMPILER_APPICON_NAME = AppIcon;
				INFOPLIST_FILE = UITestDemo/Info.plist;
				LD_RUNPATH_SEARCH_PATHS = "$(inherited) @executable_path/Frameworks";
				PRODUCT_BUNDLE_IDENTIFIER = com.wearehathway.apps.UITestDemo;
				PRODUCT_NAME = "$(TARGET_NAME)";
			};
			name = Debug;
		};
		950F4A371B27F6FA00F544D3 /* Release */ = {
			isa = XCBuildConfiguration;
			buildSettings = {
				ASSETCATALOG_COMPILER_APPICON_NAME = AppIcon;
				INFOPLIST_FILE = UITestDemo/Info.plist;
				LD_RUNPATH_SEARCH_PATHS = "$(inherited) @executable_path/Frameworks";
				PRODUCT_BUNDLE_IDENTIFIER = com.wearehathway.apps.UITestDemo;
				PRODUCT_NAME = "$(TARGET_NAME)";
			};
			name = Release;
		};
		950F4A391B27F6FA00F544D3 /* Debug */ = {
			isa = XCBuildConfiguration;
			buildSettings = {
				BUNDLE_LOADER = "$(TEST_HOST)";
				INFOPLIST_FILE = UITestDemoTests/Info.plist;
				LD_RUNPATH_SEARCH_PATHS = "$(inherited) @executable_path/Frameworks @loader_path/Frameworks";
				PRODUCT_BUNDLE_IDENTIFIER = com.wearehathway.apps.UITestDemoTests;
				PRODUCT_NAME = "$(TARGET_NAME)";
				TEST_HOST = "$(BUILT_PRODUCTS_DIR)/UITestDemo.app/UITestDemo";
			};
			name = Debug;
		};
		950F4A3A1B27F6FA00F544D3 /* Release */ = {
			isa = XCBuildConfiguration;
			buildSettings = {
				BUNDLE_LOADER = "$(TEST_HOST)";
				INFOPLIST_FILE = UITestDemoTests/Info.plist;
				LD_RUNPATH_SEARCH_PATHS = "$(inherited) @executable_path/Frameworks @loader_path/Frameworks";
				PRODUCT_BUNDLE_IDENTIFIER = com.wearehathway.apps.UITestDemoTests;
				PRODUCT_NAME = "$(TARGET_NAME)";
				TEST_HOST = "$(BUILT_PRODUCTS_DIR)/UITestDemo.app/UITestDemo";
			};
			name = Release;
		};
		950F4A3C1B27F6FA00F544D3 /* Debug */ = {
			isa = XCBuildConfiguration;
			buildSettings = {
				INFOPLIST_FILE = UITestDemoUITests/Info.plist;
				LD_RUNPATH_SEARCH_PATHS = "$(inherited) @executable_path/Frameworks @loader_path/Frameworks";
				PRODUCT_BUNDLE_IDENTIFIER = com.wearehathway.apps.UITestDemoUITests;
				PRODUCT_NAME = "$(TARGET_NAME)";
				TEST_TARGET_NAME = UITestDemo;
				USES_XCTRUNNER = YES;
			};
			name = Debug;
		};
		950F4A3D1B27F6FA00F544D3 /* Release */ = {
			isa = XCBuildConfiguration;
			buildSettings = {
				INFOPLIST_FILE = UITestDemoUITests/Info.plist;
				LD_RUNPATH_SEARCH_PATHS = "$(inherited) @executable_path/Frameworks @loader_path/Frameworks";
				PRODUCT_BUNDLE_IDENTIFIER = com.wearehathway.apps.UITestDemoUITests;
				PRODUCT_NAME = "$(TARGET_NAME)";
				TEST_TARGET_NAME = UITestDemo;
				USES_XCTRUNNER = YES;
			};
			name = Release;
		};
/* End XCBuildConfiguration section */

/* Begin XCConfigurationList section */
		950F4A081B27F6FA00F544D3 /* Build configuration list for PBXProject "UITestDemo" */ = {
			isa = XCConfigurationList;
			buildConfigurations = (
				950F4A331B27F6FA00F544D3 /* Debug */,
				950F4A341B27F6FA00F544D3 /* Release */,
			);
			defaultConfigurationIsVisible = 0;
			defaultConfigurationName = Release;
		};
		950F4A351B27F6FA00F544D3 /* Build configuration list for PBXNativeTarget "UITestDemo" */ = {
			isa = XCConfigurationList;
			buildConfigurations = (
				950F4A361B27F6FA00F544D3 /* Debug */,
				950F4A371B27F6FA00F544D3 /* Release */,
			);
			defaultConfigurationIsVisible = 0;
		};
		950F4A381B27F6FA00F544D3 /* Build configuration list for PBXNativeTarget "UITestDemoTests" */ = {
			isa = XCConfigurationList;
			buildConfigurations = (
				950F4A391B27F6FA00F544D3 /* Debug */,
				950F4A3A1B27F6FA00F544D3 /* Release */,
			);
			defaultConfigurationIsVisible = 0;
		};
		950F4A3B1B27F6FA00F544D3 /* Build configuration list for PBXNativeTarget "UITestDemoUITests" */ = {
			isa = XCConfigurationList;
			buildConfigurations = (
				950F4A3C1B27F6FA00F544D3 /* Debug */,
				950F4A3D1B27F6FA00F544D3 /* Release */,
			);
			defaultConfigurationIsVisible = 0;
		};
/* End XCConfigurationList section */
	};
	rootObject = 950F4A051B27F6FA00F544D3 /* Project object */;
}
